<?xml version="1.0" encoding="utf-8"?>
<Project ToolsVersion="4.0" xmlns="http://schemas.microsoft.com/developer/msbuild/2003">
  <ItemGroup>
    <Filter Include="소스 파일">
      <UniqueIdentifier>{4FC737F1-C7A5-4376-A066-2A32D752A2FF}</UniqueIdentifier>
      <Extensions>cpp;c;cc;cxx;def;odl;idl;hpj;bat;asm;asmx</Extensions>
    </Filter>
    <Filter Include="헤더 파일">
      <UniqueIdentifier>{93995380-89BD-4b04-88EB-625FBE52EBFB}</UniqueIdentifier>
      <Extensions>h;hh;hpp;hxx;hm;inl;inc;xsd</Extensions>
    </Filter>
    <Filter Include="리소스 파일">
      <UniqueIdentifier>{67DA6AB6-F800-4c08-8B7A-83BB121AAD01}</UniqueIdentifier>
      <Extensions>rc;ico;cur;bmp;dlg;rc2;rct;bin;rgs;gif;jpg;jpeg;jpe;resx;tiff;tif;png;wav;mfcribbon-ms</Extensions>
    </Filter>
    <Filter Include="소스 파일\Main">
      <UniqueIdentifier>{29279497-7beb-449e-8101-3cac2be67814}</UniqueIdentifier>
    </Filter>
    <Filter Include="헤더 파일\Main">
      <UniqueIdentifier>{0ee1e3d8-ab93-4a59-9fc8-f5a9c4ea6abc}</UniqueIdentifier>
    </Filter>
    <Filter Include="소스 파일\Etc">
      <UniqueIdentifier>{fb42641c-647f-4f2a-b5c2-397064923090}</UniqueIdentifier>
    </Filter>
    <Filter Include="헤더 파일\Etc">
      <UniqueIdentifier>{954a3b2a-b7c7-4c1a-8dbc-0599890fd744}</UniqueIdentifier>
    </Filter>
    <Filter Include="소스 파일\Utility">
      <UniqueIdentifier>{b15afc33-982d-4fe0-a17c-9c8afbe01d78}</UniqueIdentifier>
    </Filter>
    <Filter Include="헤더 파일\Utility">
      <UniqueIdentifier>{21a8dcde-e258-4074-bc94-d6133b622956}</UniqueIdentifier>
    </Filter>
    <Filter Include="헤더 파일\Cam">
      <UniqueIdentifier>{bfd3ee3c-9974-478c-a5cd-a85d40ce404e}</UniqueIdentifier>
    </Filter>
    <Filter Include="소스 파일\Cam">
      <UniqueIdentifier>{947ae6d4-b5ff-4bdf-8ca5-5314c49c0511}</UniqueIdentifier>
    </Filter>
    <Filter Include="헤더 파일\Manager">
      <UniqueIdentifier>{13262ac3-67dd-4143-8021-c8b6d2c49590}</UniqueIdentifier>
    </Filter>
    <Filter Include="소스 파일\Manager">
      <UniqueIdentifier>{cbebc351-f5bb-4d18-8e8b-85c953438da7}</UniqueIdentifier>
    </Filter>
    <Filter Include="FX">
      <UniqueIdentifier>{3dec6434-c65a-4063-bdc5-316ab3c4caf6}</UniqueIdentifier>
    </Filter>
    <Filter Include="소스 파일\Engine">
      <UniqueIdentifier>{f2ec46f2-9b94-42be-bfab-6d86cb643d0e}</UniqueIdentifier>
    </Filter>
    <Filter Include="헤더 파일\Engine">
      <UniqueIdentifier>{33171833-78d1-4395-92cd-8edcde18f629}</UniqueIdentifier>
    </Filter>
    <Filter Include="FX\Util">
      <UniqueIdentifier>{8593771e-a2f0-4485-94b7-785fd3947a1d}</UniqueIdentifier>
    </Filter>
    <Filter Include="헤더 파일\Parser">
      <UniqueIdentifier>{51e382cc-a3d5-499b-8bc1-d26309e47833}</UniqueIdentifier>
    </Filter>
    <Filter Include="소스 파일\Parser">
      <UniqueIdentifier>{ba5ab324-990e-42b9-bb29-dc1003ef60aa}</UniqueIdentifier>
    </Filter>
    <Filter Include="헤더 파일\Manager\State">
      <UniqueIdentifier>{771de58e-1e79-4a46-b93d-c983c9d4bd21}</UniqueIdentifier>
    </Filter>
    <Filter Include="헤더 파일\Manager\State\Utill">
      <UniqueIdentifier>{e410d269-0e71-4373-a0c1-956b4f8bab78}</UniqueIdentifier>
    </Filter>
    <Filter Include="소스 파일\Manager\State">
      <UniqueIdentifier>{16997514-287b-42da-b362-7dd6f99eb594}</UniqueIdentifier>
    </Filter>
    <Filter Include="헤더 파일\Manager\Model">
      <UniqueIdentifier>{eb8d6e14-9949-438e-9efc-3d011b7152f3}</UniqueIdentifier>
    </Filter>
    <Filter Include="헤더 파일\Manager\Draw">
      <UniqueIdentifier>{031c5570-64c2-4e1f-bf8f-64e211a286ee}</UniqueIdentifier>
    </Filter>
    <Filter Include="헤더 파일\Manager\Etc">
      <UniqueIdentifier>{d4f85aef-4e9e-4566-aafb-307944668d13}</UniqueIdentifier>
    </Filter>
    <Filter Include="헤더 파일\Manager\Storage">
      <UniqueIdentifier>{3524af1b-35d7-487a-9c74-1c120a7dc0bf}</UniqueIdentifier>
    </Filter>
    <Filter Include="소스 파일\Manager\Storage">
      <UniqueIdentifier>{dd7d6ce8-cf18-49ab-9bd6-33c98cac6067}</UniqueIdentifier>
    </Filter>
  </ItemGroup>
  <ItemGroup>
    <ClInclude Include="stdafx.h">
      <Filter>헤더 파일\Utility</Filter>
    </ClInclude>
    <ClInclude Include="targetver.h">
      <Filter>헤더 파일\Utility</Filter>
    </ClInclude>
    <ClInclude Include="Resource.h">
      <Filter>헤더 파일\Etc</Filter>
    </ClInclude>
    <ClInclude Include="UtilD3D.h">
      <Filter>헤더 파일\Utility</Filter>
    </ClInclude>
    <ClInclude Include="Main.h">
      <Filter>헤더 파일\Main</Filter>
    </ClInclude>
    <ClInclude Include="cSingleton.h">
      <Filter>헤더 파일\Utility</Filter>
    </ClInclude>
    <ClInclude Include="cGameTimer.h">
      <Filter>헤더 파일\Utility</Filter>
    </ClInclude>
    <ClInclude Include="cInitD3D.h">
      <Filter>헤더 파일\Utility</Filter>
    </ClInclude>
    <ClInclude Include="cMainState.h">
      <Filter>헤더 파일\Manager\State</Filter>
    </ClInclude>
    <ClInclude Include="cMapTool.h">
      <Filter>헤더 파일\Manager\State</Filter>
    </ClInclude>
    <ClInclude Include="cPlayState.h">
      <Filter>헤더 파일\Manager\State</Filter>
    </ClInclude>
    <ClInclude Include="cMathHelper.h">
      <Filter>헤더 파일\Utility</Filter>
    </ClInclude>
    <ClInclude Include="d3dx11effect.h">
      <Filter>헤더 파일\Utility</Filter>
    </ClInclude>
    <ClInclude Include="cCam.h">
      <Filter>헤더 파일\Cam</Filter>
    </ClInclude>
    <ClInclude Include="cCoreStorage.h">
      <Filter>헤더 파일\Manager\Storage</Filter>
    </ClInclude>
    <ClInclude Include="cEngine.h">
      <Filter>헤더 파일\Engine</Filter>
    </ClInclude>
    <ClInclude Include="StructData.h">
      <Filter>헤더 파일\Utility</Filter>
    </ClInclude>
    <ClInclude Include="cGameState.h">
      <Filter>헤더 파일\Manager\State\Utill</Filter>
    </ClInclude>
    <ClInclude Include="cGameStateManager.h">
      <Filter>헤더 파일\Manager\State\Utill</Filter>
    </ClInclude>
    <ClInclude Include="cGameStateSave.h">
      <Filter>헤더 파일\Manager\State\Utill</Filter>
    </ClInclude>
    <ClInclude Include="cXnaHelper.h">
      <Filter>헤더 파일\Utility</Filter>
    </ClInclude>
    <ClInclude Include="cXMLParser.h">
      <Filter>헤더 파일\Parser</Filter>
    </ClInclude>
    <ClInclude Include="cModelManager.h">
      <Filter>헤더 파일\Manager\Model</Filter>
    </ClInclude>
    <ClInclude Include="cDrawManager.h">
      <Filter>헤더 파일\Manager\Draw</Filter>
    </ClInclude>
    <ClInclude Include="cAniManager.h">
      <Filter>헤더 파일\Manager\Etc</Filter>
    </ClInclude>
    <ClInclude Include="cLightManager.h">
      <Filter>헤더 파일\Manager\Etc</Filter>
    </ClInclude>
    <ClInclude Include="cMaterialManager.h">
      <Filter>헤더 파일\Manager\Etc</Filter>
    </ClInclude>
    <ClInclude Include="cShaderManager.h">
      <Filter>헤더 파일\Manager\Etc</Filter>
    </ClInclude>
  </ItemGroup>
  <ItemGroup>
    <ClCompile Include="stdafx.cpp">
      <Filter>소스 파일\Utility</Filter>
    </ClCompile>
    <ClCompile Include="UtilD3D.cpp">
      <Filter>소스 파일\Utility</Filter>
    </ClCompile>
    <ClCompile Include="Main.cpp">
      <Filter>소스 파일\Main</Filter>
    </ClCompile>
    <ClCompile Include="cGameTimer.cpp">
      <Filter>소스 파일\Utility</Filter>
    </ClCompile>
    <ClCompile Include="cInitD3D.cpp">
      <Filter>소스 파일\Utility</Filter>
    </ClCompile>
    <ClCompile Include="cPlayState.cpp">
      <Filter>소스 파일\Manager\State</Filter>
    </ClCompile>
    <ClCompile Include="cMainState.cpp">
      <Filter>소스 파일\Manager\State</Filter>
    </ClCompile>
    <ClCompile Include="cMapTool.cpp">
      <Filter>소스 파일\Manager\State</Filter>
    </ClCompile>
    <ClCompile Include="cGameStateSave.cpp">
      <Filter>소스 파일\Manager\State</Filter>
    </ClCompile>
    <ClCompile Include="cGameStateManager.cpp">
      <Filter>소스 파일\Manager\State</Filter>
    </ClCompile>
    <ClCompile Include="cMathHelper.cpp">
      <Filter>소스 파일\Utility</Filter>
    </ClCompile>
    <ClCompile Include="cCoreStorage.cpp">
      <Filter>소스 파일\Manager\Storage</Filter>
    </ClCompile>
    <ClCompile Include="cMaterialManager.cpp">
      <Filter>소스 파일\Manager</Filter>
    </ClCompile>
    <ClCompile Include="cShaderManager.cpp">
      <Filter>소스 파일\Manager</Filter>
    </ClCompile>
    <ClCompile Include="cModelManager.cpp">
      <Filter>소스 파일\Manager</Filter>
    </ClCompile>
    <ClCompile Include="cEngine.cpp">
      <Filter>소스 파일\Engine</Filter>
    </ClCompile>
    <ClCompile Include="cLightManager.cpp">
      <Filter>소스 파일\Manager</Filter>
    </ClCompile>
    <ClCompile Include="cDrawManager.cpp">
      <Filter>소스 파일\Manager</Filter>
    </ClCompile>
    <ClCompile Include="StructData.cpp">
      <Filter>소스 파일\Utility</Filter>
    </ClCompile>
    <ClCompile Include="cCam.cpp">
      <Filter>소스 파일\Cam</Filter>
    </ClCompile>
    <ClCompile Include="cXnaHelper.cpp">
      <Filter>소스 파일\Utility</Filter>
    </ClCompile>
    <ClCompile Include="cXMLParser.cpp">
      <Filter>소스 파일\Parser</Filter>
    </ClCompile>
    <ClCompile Include="cAniManager.cpp">
      <Filter>소스 파일\Manager</Filter>
    </ClCompile>
  </ItemGroup>
  <ItemGroup>
    <ResourceCompile Include="POD_x11.rc">
      <Filter>리소스 파일</Filter>
    </ResourceCompile>
  </ItemGroup>
  <ItemGroup>
    <Image Include="small.ico">
      <Filter>리소스 파일</Filter>
    </Image>
    <Image Include="POD_x11.ico">
      <Filter>리소스 파일</Filter>
    </Image>
  </ItemGroup>
  <ItemGroup>
    <FxCompile Include="LightHelper.fx">
      <Filter>FX\Util</Filter>
    </FxCompile>
    <FxCompile Include="PNT.fx">
      <Filter>FX</Filter>
    </FxCompile>
    <FxCompile Include="PC.fx">
      <Filter>FX</Filter>
    </FxCompile>
    <FxCompile Include="PL.fx">
      <Filter>FX</Filter>
    </FxCompile>
    <FxCompile Include="Deferred.fx">
      <Filter>FX</Filter>
    </FxCompile>
  </ItemGroup>
  <ItemGroup>
    <None Include="packages.config" />
    <None Include="ClassDiagram.cd" />
  </ItemGroup>
  <ItemGroup>
    <Text Include="UtillFX.fx">
      <Filter>FX\Util</Filter>
    </Text>
  </ItemGroup>
</Project>